
Microsoft Visual Studio Solution File, Format Version 12.00
# Visual Studio Version 16
VisualStudioVersion = 16.0.29020.237
MinimumVisualStudioVersion = 10.0.40219.1
Project("{FAE04EC0-301F-11D3-BF4B-00C04F79EFBC}") = "PasswordManagement", "PasswordManagement\PasswordManagement.csproj", "{3C96170A-493A-4FD0-935A-ABB5CB7E63B5}"
EndProject
Project("{54435603-DBB4-11D2-8724-00A0C9A8B90C}") = "ShyunkuPasswordManagerSetup", "ShyunkuPasswordManagerSetup\ShyunkuPasswordManagerSetup.vdproj", "{301EE347-5996-44ED-89E7-2A2445D6485B}"
EndProject
Global
	GlobalSection(SolutionConfigurationPlatforms) = preSolution
		Debug|Any CPU = Debug|Any CPU
		Release|Any CPU = Release|Any CPU
	EndGlobalSection
	GlobalSection(ProjectConfigurationPlatforms) = postSolution
		{3C96170A-493A-4FD0-935A-ABB5CB7E63B5}.Debug|Any CPU.ActiveCfg = Debug|Any CPU
		{3C96170A-493A-4FD0-935A-ABB5CB7E63B5}.Debug|Any CPU.Build.0 = Debug|Any CPU
		{3C96170A-493A-4FD0-935A-ABB5CB7E63B5}.Release|Any CPU.ActiveCfg = Release|Any CPU
		{3C96170A-493A-4FD0-935A-ABB5CB7E63B5}.Release|Any CPU.Build.0 = Release|Any CPU
		{301EE347-5996-44ED-89E7-2A2445D6485B}.Debug|Any CPU.ActiveCfg = Debug
		{301EE347-5996-44ED-89E7-2A2445D6485B}.Release|Any CPU.ActiveCfg = Release
		{301EE347-5996-44ED-89E7-2A2445D6485B}.Release|Any CPU.Build.0 = Release
	EndGlobalSection
	GlobalSection(SolutionProperties) = preSolution
		HideSolutionNode = FALSE
	EndGlobalSection
	GlobalSection(ExtensibilityGlobals) = postSolution
		SolutionGuid = {DB04759A-312E-4E30-AFA8-D6E91B57B36D}
	EndGlobalSection
EndGlobal
